# @generated - this file is auto-generated by `mise lock` https://mise.jdx.dev/dev-tools/mise-lock.html

[[tools.fd]]
version = "10.4.2"
backend = "aqua:sharkdp/fd"
"platforms.linux-arm64" = { checksum = "sha256:f32d3657473fba74e2600babc8db0b93420d51169223b7e8143b2ed55d8fd9e8", url = "https://github.com/sharkdp/fd/releases/download/v10.4.2/fd-v10.4.2-aarch64-unknown-linux-musl.tar.gz"}
"platforms.linux-arm64-musl" = { checksum = "sha256:f32d3657473fba74e2600babc8db0b93420d51169223b7e8143b2ed55d8fd9e8", url = "https://github.com/sharkdp/fd/releases/download/v10.4.2/fd-v10.4.2-aarch64-unknown-linux-musl.tar.gz"}
"platforms.linux-x64" = { checksum = "sha256:e3257d48e29a6be965187dbd24ce9af564e0fe67b3e73c9bdcd180f4ec11bdde", url = "https://github.com/sharkdp/fd/releases/download/v10.4.2/fd-v10.4.2-x86_64-unknown-linux-musl.tar.gz"}
"platforms.linux-x64-musl" = { checksum = "sha256:e3257d48e29a6be965187dbd24ce9af564e0fe67b3e73c9bdcd180f4ec11bdde", url = "https://github.com/sharkdp/fd/releases/download/v10.4.2/fd-v10.4.2-x86_64-unknown-linux-musl.tar.gz"}
"platforms.macos-arm64" = { checksum = "sha256:623dc0afc81b92e4d4606b380d7bc91916ba7b97814263e554d50923a39e480a", url = "https://github.com/sharkdp/fd/releases/download/v10.4.2/fd-v10.4.2-aarch64-apple-darwin.tar.gz"}
"platforms.windows-x64" = { checksum = "sha256:b2816e506390a89941c63c9187d58a3cc10e9a55f2ef0685f9ea0eccaf7c98c8", url = "https://github.com/sharkdp/fd/releases/download/v10.4.2/fd-v10.4.2-x86_64-pc-windows-msvc.zip"}

[[tools."github:google/addlicense"]]
version = "1.2.0"
backend = "github:google/addlicense"

[tools."github:google/addlicense"."platforms.linux-arm64"]
checksum = "sha256:b14dde867a6dbcd41fdf45096831bc0f6500bf0134693d38c56701e179f3f353"
url = "https://github.com/google/addlicense/releases/download/v1.2.0/addlicense_v1.2.0_Linux_arm64.tar.gz"
url_api = "https://api.github.com/repos/google/addlicense/releases/assets/282300422"

[tools."github:google/addlicense"."platforms.linux-arm64-musl"]
checksum = "sha256:b14dde867a6dbcd41fdf45096831bc0f6500bf0134693d38c56701e179f3f353"
url = "https://github.com/google/addlicense/releases/download/v1.2.0/addlicense_v1.2.0_Linux_arm64.tar.gz"
url_api = "https://api.github.com/repos/google/addlicense/releases/assets/282300422"

[tools."github:google/addlicense"."platforms.linux-x64"]
checksum = "sha256:6924296771234b1ba6c969e109b4459cff75e15b259676b61df874a92734b242"
url = "https://github.com/google/addlicense/releases/download/v1.2.0/addlicense_v1.2.0_Linux_x86_64.tar.gz"
url_api = "https://api.github.com/repos/google/addlicense/releases/assets/282300421"

[tools."github:google/addlicense"."platforms.linux-x64-musl"]
checksum = "sha256:6924296771234b1ba6c969e109b4459cff75e15b259676b61df874a92734b242"
url = "https://github.com/google/addlicense/releases/download/v1.2.0/addlicense_v1.2.0_Linux_x86_64.tar.gz"
url_api = "https://api.github.com/repos/google/addlicense/releases/assets/282300421"

[tools."github:google/addlicense"."platforms.macos-arm64"]
checksum = "sha256:0597305c619f7349748e830e38322dbe7d13cf86cf415b289c70f5cecbb4bf63"
url = "https://github.com/google/addlicense/releases/download/v1.2.0/addlicense_v1.2.0_macOS_arm64.tar.gz"
url_api = "https://api.github.com/repos/google/addlicense/releases/assets/282300420"

[tools."github:google/addlicense"."platforms.macos-x64"]
checksum = "sha256:335b47a28bab66e39494222f711c22b140d14d6f6d0a08ab9ea7c6f315588c83"
url = "https://github.com/google/addlicense/releases/download/v1.2.0/addlicense_v1.2.0_macOS_x86_64.tar.gz"
url_api = "https://api.github.com/repos/google/addlicense/releases/assets/282300427"

[tools."github:google/addlicense"."platforms.windows-x64"]
checksum = "sha256:fe4f4a54daa4a750ffa7d1b0da471d077ac24f09d04d7c1f307e7b7950969d25"
url = "https://github.com/google/addlicense/releases/download/v1.2.0/addlicense_v1.2.0_Windows_x86_64.zip"
url_api = "https://api.github.com/repos/google/addlicense/releases/assets/282300418"

[[tools.gum]]
version = "0.17.0"
backend = "aqua:charmbracelet/gum"

[tools.gum."platforms.linux-arm64"]
checksum = "sha256:b0b9ed95cbf7c8b7073f17b9591811f5c001e33c7cfd066ca83ce8a07c576f9c"
url = "https://github.com/charmbracelet/gum/releases/download/v0.17.0/gum_0.17.0_Linux_arm64.tar.gz"

[tools.gum."platforms.linux-arm64-musl"]
checksum = "sha256:b0b9ed95cbf7c8b7073f17b9591811f5c001e33c7cfd066ca83ce8a07c576f9c"
url = "https://github.com/charmbracelet/gum/releases/download/v0.17.0/gum_0.17.0_Linux_arm64.tar.gz"

[tools.gum."platforms.linux-x64"]
checksum = "sha256:69ee169bd6387331928864e94d47ed01ef649fbfe875baed1bbf27b5377a6fdb"
url = "https://github.com/charmbracelet/gum/releases/download/v0.17.0/gum_0.17.0_Linux_x86_64.tar.gz"

[tools.gum."platforms.linux-x64-musl"]
checksum = "sha256:69ee169bd6387331928864e94d47ed01ef649fbfe875baed1bbf27b5377a6fdb"
url = "https://github.com/charmbracelet/gum/releases/download/v0.17.0/gum_0.17.0_Linux_x86_64.tar.gz"

[tools.gum."platforms.macos-arm64"]
checksum = "sha256:e2a4b8596efa05821d8c58d0c1afbcd7ad1699ba69c689cc3ff23a4a99c8b237"
url = "https://github.com/charmbracelet/gum/releases/download/v0.17.0/gum_0.17.0_Darwin_arm64.tar.gz"

[tools.gum."platforms.macos-x64"]
checksum = "sha256:cd66576aeebe6cd19c771863c7e8d696e0e1d5387d1e7075666baa67c2052e53"
url = "https://github.com/charmbracelet/gum/releases/download/v0.17.0/gum_0.17.0_Darwin_x86_64.tar.gz"

[tools.gum."platforms.windows-x64"]
checksum = "sha256:b2be80531c6babc8d4e0e6ca95773d58118a2e1582ae006aace08dbc55503072"
url = "https://github.com/charmbracelet/gum/releases/download/v0.17.0/gum_0.17.0_Windows_x86_64.zip"

[[tools.hadolint]]
version = "2.14.0"
backend = "aqua:hadolint/hadolint"

[tools.hadolint."platforms.linux-arm64"]
checksum = "sha256:331f1d3511b84a4f1e3d18d52fec284723e4019552f4f47b19322a53ce9a40ed"
url = "https://github.com/hadolint/hadolint/releases/download/v2.14.0/hadolint-linux-arm64"

[tools.hadolint."platforms.linux-arm64-musl"]
checksum = "sha256:331f1d3511b84a4f1e3d18d52fec284723e4019552f4f47b19322a53ce9a40ed"
url = "https://github.com/hadolint/hadolint/releases/download/v2.14.0/hadolint-linux-arm64"

[tools.hadolint."platforms.linux-x64"]
checksum = "sha256:6bf226944684f56c84dd014e8b979d27425c0148f61b3bd99bcc6f39e9dc5a47"
url = "https://github.com/hadolint/hadolint/releases/download/v2.14.0/hadolint-linux-x86_64"

[tools.hadolint."platforms.linux-x64-musl"]
checksum = "sha256:6bf226944684f56c84dd014e8b979d27425c0148f61b3bd99bcc6f39e9dc5a47"
url = "https://github.com/hadolint/hadolint/releases/download/v2.14.0/hadolint-linux-x86_64"

[tools.hadolint."platforms.macos-arm64"]
checksum = "sha256:3625e2e9f43dcfe7bd38738a5f5520ed50ce39ed28485266e6803dd7bc197b10"
url = "https://github.com/hadolint/hadolint/releases/download/v2.14.0/hadolint-macos-arm64"

[tools.hadolint."platforms.macos-x64"]
checksum = "sha256:2b69a853433f1eca522ffb921cd490bd1321424d03331fd8390f93b7fb4a02e9"
url = "https://github.com/hadolint/hadolint/releases/download/v2.14.0/hadolint-macos-x86_64"

[tools.hadolint."platforms.windows-x64"]
checksum = "sha256:8e0ee174f88edb14f207a68430c7a53c2883ed509cdbde9a3a26fffa140fa5e4"
url = "https://github.com/hadolint/hadolint/releases/download/v2.14.0/hadolint-windows-x86_64.exe"

[[tools.helm]]
version = "4.1.3"
backend = "aqua:helm/helm"
"platforms.linux-arm64" = { checksum = "sha256:5db45e027cc8de4677ec869e5d803fc7631b0bab1c1eb62ac603a62d22359a43", url = "https://get.helm.sh/helm-v4.1.3-linux-arm64.tar.gz"}
"platforms.linux-arm64-musl" = { checksum = "sha256:5db45e027cc8de4677ec869e5d803fc7631b0bab1c1eb62ac603a62d22359a43", url = "https://get.helm.sh/helm-v4.1.3-linux-arm64.tar.gz"}
"platforms.linux-x64" = { checksum = "sha256:02ce9722d541238f81459938b84cf47df2fdf1187493b4bfb2346754d82a4700", url = "https://get.helm.sh/helm-v4.1.3-linux-amd64.tar.gz"}
"platforms.linux-x64-musl" = { checksum = "sha256:02ce9722d541238f81459938b84cf47df2fdf1187493b4bfb2346754d82a4700", url = "https://get.helm.sh/helm-v4.1.3-linux-amd64.tar.gz"}
"platforms.macos-arm64" = { checksum = "sha256:21c02fe2f7e27d08e24a6bf93103f9d2b25aab6f13f91814b2cfabc99b108a5e", url = "https://get.helm.sh/helm-v4.1.3-darwin-arm64.tar.gz"}
"platforms.macos-x64" = { checksum = "sha256:742132e11cc08a81c97f70180cd714ae8376f8c896247a7b14ae1f51838b5a0b", url = "https://get.helm.sh/helm-v4.1.3-darwin-amd64.tar.gz"}
"platforms.windows-x64" = { checksum = "sha256:fb8dc9b5c2f74456443a6a1bb431fe109d744151423133d921ec8a43b63cab90", url = "https://get.helm.sh/helm-v4.1.3-windows-amd64.tar.gz"}

[[tools.kubeconform]]
version = "0.7.0"
backend = "aqua:yannh/kubeconform"

[tools.kubeconform."platforms.linux-arm64"]
checksum = "sha256:cc907ccf9e3c34523f0f32b69745265e0a6908ca85b92f41931d4537860eb83c"
url = "https://github.com/yannh/kubeconform/releases/download/v0.7.0/kubeconform-linux-arm64.tar.gz"

[tools.kubeconform."platforms.linux-arm64-musl"]
checksum = "sha256:cc907ccf9e3c34523f0f32b69745265e0a6908ca85b92f41931d4537860eb83c"
url = "https://github.com/yannh/kubeconform/releases/download/v0.7.0/kubeconform-linux-arm64.tar.gz"

[tools.kubeconform."platforms.linux-x64"]
checksum = "sha256:c31518ddd122663b3f3aa874cfe8178cb0988de944f29c74a0b9260920d115d3"
url = "https://github.com/yannh/kubeconform/releases/download/v0.7.0/kubeconform-linux-amd64.tar.gz"

[tools.kubeconform."platforms.linux-x64-musl"]
checksum = "sha256:c31518ddd122663b3f3aa874cfe8178cb0988de944f29c74a0b9260920d115d3"
url = "https://github.com/yannh/kubeconform/releases/download/v0.7.0/kubeconform-linux-amd64.tar.gz"

[tools.kubeconform."platforms.macos-arm64"]
checksum = "sha256:b5d32b2cb77f9c781c976b20a85e2d0bc8f9184d5d1cfe665a2f31a19f99eeb9"
url = "https://github.com/yannh/kubeconform/releases/download/v0.7.0/kubeconform-darwin-arm64.tar.gz"

[tools.kubeconform."platforms.macos-x64"]
checksum = "sha256:c6771cc894d82e1b12f35ee797dcda1f7da6a3787aa30902a15c264056dd40d4"
url = "https://github.com/yannh/kubeconform/releases/download/v0.7.0/kubeconform-darwin-amd64.tar.gz"

[tools.kubeconform."platforms.windows-x64"]
checksum = "sha256:9cb75551d81c909c2241ab383ced2be68363b5bfb15fd989badcc5a63bea5d7e"
url = "https://github.com/yannh/kubeconform/releases/download/v0.7.0/kubeconform-windows-amd64.zip"

[[tools.lima]]
version = "2.0.3"
backend = "aqua:lima-vm/lima"

[tools.lima."platforms.linux-arm64"]
checksum = "sha256:d0f9c30b82fdbd06b5c951b76bf3378b68cc658aebfe243f777949e131b6ea28"
url = "https://github.com/lima-vm/lima/releases/download/v2.0.3/lima-2.0.3-Linux-aarch64.tar.gz"

[tools.lima."platforms.linux-arm64-musl"]
checksum = "sha256:d0f9c30b82fdbd06b5c951b76bf3378b68cc658aebfe243f777949e131b6ea28"
url = "https://github.com/lima-vm/lima/releases/download/v2.0.3/lima-2.0.3-Linux-aarch64.tar.gz"

[tools.lima."platforms.linux-x64"]
checksum = "sha256:6838a926d85ed2ddcfd636befb476256a96196516a3b7f36d2af66cde9188d66"
url = "https://github.com/lima-vm/lima/releases/download/v2.0.3/lima-2.0.3-Linux-x86_64.tar.gz"

[tools.lima."platforms.linux-x64-musl"]
checksum = "sha256:6838a926d85ed2ddcfd636befb476256a96196516a3b7f36d2af66cde9188d66"
url = "https://github.com/lima-vm/lima/releases/download/v2.0.3/lima-2.0.3-Linux-x86_64.tar.gz"

[tools.lima."platforms.macos-arm64"]
checksum = "sha256:22aee997df59e4fd448041b2d1214e48bd8eaf705d2d48a4307d65c1b179dc97"
url = "https://github.com/lima-vm/lima/releases/download/v2.0.3/lima-2.0.3-Darwin-arm64.tar.gz"

[tools.lima."platforms.macos-x64"]
checksum = "sha256:0806bcb83a08411e9d878b43b2c4203f1556fe14f9f8ba1e5f0d5d9a3c2c0bd8"
url = "https://github.com/lima-vm/lima/releases/download/v2.0.3/lima-2.0.3-Darwin-x86_64.tar.gz"

[[tools.lychee]]
version = "0.23.0"
backend = "aqua:lycheeverse/lychee"
"platforms.linux-arm64" = { checksum = "sha256:97eb93b02a7d78a752fc33e5b0983439ccaadbf3db952b68a0a4401acd92e6e0", url = "https://github.com/lycheeverse/lychee/releases/download/lychee-v0.23.0/lychee-aarch64-unknown-linux-gnu.tar.gz"}
"platforms.linux-arm64-musl" = { checksum = "sha256:97eb93b02a7d78a752fc33e5b0983439ccaadbf3db952b68a0a4401acd92e6e0", url = "https://github.com/lycheeverse/lychee/releases/download/lychee-v0.23.0/lychee-aarch64-unknown-linux-gnu.tar.gz"}
"platforms.linux-x64" = { checksum = "sha256:5538440d2c69a45a0a09983271e5dee0c2fe7137d8035d25b2632e10a66a090a", url = "https://github.com/lycheeverse/lychee/releases/download/lychee-v0.23.0/lychee-x86_64-unknown-linux-musl.tar.gz"}
"platforms.linux-x64-musl" = { checksum = "sha256:5538440d2c69a45a0a09983271e5dee0c2fe7137d8035d25b2632e10a66a090a", url = "https://github.com/lycheeverse/lychee/releases/download/lychee-v0.23.0/lychee-x86_64-unknown-linux-musl.tar.gz"}
"platforms.macos-arm64" = { checksum = "sha256:4c8034900e11083b68ac6f6582c377ff1f704e268991999e09d717973e493e7f", url = "https://github.com/lycheeverse/lychee/releases/download/lychee-v0.23.0/lychee-arm64-macos.dmg"}
"platforms.windows-x64" = { checksum = "sha256:0fda7ff0a60c0250939fc25361c2d4e6e7853c31c996733fdd5a1dd760bcb824", url = "https://github.com/lycheeverse/lychee/releases/download/lychee-v0.23.0/lychee-x86_64-windows.exe"}

[[tools.node]]
version = "24.14.1"
backend = "core:node"
"platforms.linux-arm64" = { checksum = "sha256:734ff04fa7f8ed2e8a78d40cacf5ac3fc4515dac2858757cbab313eb483ba8a2", url = "https://nodejs.org/dist/v24.14.1/node-v24.14.1-linux-arm64.tar.gz"}
"platforms.linux-arm64-musl" = { checksum = "sha256:734ff04fa7f8ed2e8a78d40cacf5ac3fc4515dac2858757cbab313eb483ba8a2", url = "https://nodejs.org/dist/v24.14.1/node-v24.14.1-linux-arm64.tar.gz"}
"platforms.linux-x64" = { checksum = "sha256:ace9fa104992ed0829642629c46ca7bd7fd6e76278cb96c958c4b387d29658ea", url = "https://nodejs.org/dist/v24.14.1/node-v24.14.1-linux-x64.tar.gz"}
"platforms.linux-x64-musl" = { checksum = "sha256:ace9fa104992ed0829642629c46ca7bd7fd6e76278cb96c958c4b387d29658ea", url = "https://nodejs.org/dist/v24.14.1/node-v24.14.1-linux-x64.tar.gz"}
"platforms.macos-arm64" = { checksum = "sha256:25495ff85bd89e2d8a24d88566d7e2f827c6b0d3d872b2cebf75371f93fcb1fe", url = "https://nodejs.org/dist/v24.14.1/node-v24.14.1-darwin-arm64.tar.gz"}
"platforms.macos-x64" = { checksum = "sha256:2526230ad7d922be82d4fdb1e7ee1e84303e133e3b4b0ec4c2897ab31de0253d", url = "https://nodejs.org/dist/v24.14.1/node-v24.14.1-darwin-x64.tar.gz"}
"platforms.windows-x64" = { checksum = "sha256:6e50ce5498c0cebc20fd39ab3ff5df836ed2f8a31aa093cecad8497cff126d70", url = "https://nodejs.org/dist/v24.14.1/node-v24.14.1-win-x64.zip"}

[[tools.packer]]
version = "1.15.1"
backend = "aqua:hashicorp/packer"
"platforms.linux-arm64" = { checksum = "sha256:a8d68f1746ecacaf8fa9d364aa086249958a0a1f67c90b8a4f165ff024c0e58e", url = "https://releases.hashicorp.com/packer/1.15.1/packer_1.15.1_linux_arm64.zip"}
"platforms.linux-arm64-musl" = { checksum = "sha256:a8d68f1746ecacaf8fa9d364aa086249958a0a1f67c90b8a4f165ff024c0e58e", url = "https://releases.hashicorp.com/packer/1.15.1/packer_1.15.1_linux_arm64.zip"}
"platforms.linux-x64" = { checksum = "sha256:648d704bec73805a5508ed612185a9e5858ca7d57b730b88b1a54c3af3a91f5f", url = "https://releases.hashicorp.com/packer/1.15.1/packer_1.15.1_linux_amd64.zip"}
"platforms.linux-x64-musl" = { checksum = "sha256:648d704bec73805a5508ed612185a9e5858ca7d57b730b88b1a54c3af3a91f5f", url = "https://releases.hashicorp.com/packer/1.15.1/packer_1.15.1_linux_amd64.zip"}
"platforms.macos-arm64" = { checksum = "sha256:dc7101854964dce31d379f9a66a1b3256381242dd670dcad25add6f2f299d934", url = "https://releases.hashicorp.com/packer/1.15.1/packer_1.15.1_darwin_arm64.zip"}
"platforms.macos-x64" = { checksum = "sha256:b574a86fae94f097cfce1b49830efa35071125496b6ca6f4f4665c5a7717d55d", url = "https://releases.hashicorp.com/packer/1.15.1/packer_1.15.1_darwin_amd64.zip"}
"platforms.windows-x64" = { checksum = "sha256:4719757854efcd0a956a5b653002bf994b7448d589771b111eb9b2393bf07ed1", url = "https://releases.hashicorp.com/packer/1.15.1/packer_1.15.1_windows_amd64.zip"}

[[tools."pipx:toml-cli"]]
version = "0.8.2"
backend = "pipx:toml-cli"

[[tools.pnpm]]
version = "10.33.0"
backend = "aqua:pnpm/pnpm"
"platforms.linux-arm64" = { checksum = "sha256:06755ad2817548b84317d857d5c8003dc6e9e28416a3ea7467256c49ab400d48", url = "https://github.com/pnpm/pnpm/releases/download/v10.33.0/pnpm-linux-arm64"}
"platforms.linux-arm64-musl" = { checksum = "sha256:06755ad2817548b84317d857d5c8003dc6e9e28416a3ea7467256c49ab400d48", url = "https://github.com/pnpm/pnpm/releases/download/v10.33.0/pnpm-linux-arm64"}
"platforms.linux-x64" = { checksum = "sha256:8d4e8f7d778e8ac482022e2577011706a872542f6f6f233e795a4d9f978ea8b5", url = "https://github.com/pnpm/pnpm/releases/download/v10.33.0/pnpm-linux-x64"}
"platforms.linux-x64-musl" = { checksum = "sha256:8d4e8f7d778e8ac482022e2577011706a872542f6f6f233e795a4d9f978ea8b5", url = "https://github.com/pnpm/pnpm/releases/download/v10.33.0/pnpm-linux-x64"}
"platforms.macos-arm64" = { checksum = "sha256:ed8a1f140f4de457b01ebe0be3ae28e9a7e28863315dcd53d22ff1e5a32d63ae", url = "https://github.com/pnpm/pnpm/releases/download/v10.33.0/pnpm-macos-arm64"}
"platforms.macos-x64" = { checksum = "sha256:c31e29554b0e3f4e03f4617195c949595e4dca36085922003de4896c3ca4057d", url = "https://github.com/pnpm/pnpm/releases/download/v10.33.0/pnpm-macos-x64"}
"platforms.windows-x64" = { checksum = "sha256:afc96009dc39fe23a835d65192049e6a995f342496b175585dc2beda7d42d33f", url = "https://github.com/pnpm/pnpm/releases/download/v10.33.0/pnpm-win-x64.exe"}

[[tools.telepresence]]
version = "2.27.3"
backend = "aqua:telepresenceio/telepresence"
"platforms.linux-arm64" = { checksum = "sha256:08292d0e1b1a23abcd67aa477ddd1e41c9ecad90f77a841f1bc08807110bb67b", url = "https://github.com/telepresenceio/telepresence/releases/download/v2.27.3/telepresence-linux-arm64"}
"platforms.linux-arm64-musl" = { checksum = "sha256:08292d0e1b1a23abcd67aa477ddd1e41c9ecad90f77a841f1bc08807110bb67b", url = "https://github.com/telepresenceio/telepresence/releases/download/v2.27.3/telepresence-linux-arm64"}
"platforms.linux-x64" = { checksum = "sha256:2d7f35e51db57f62b2ea41254f58181244b42650d2559ad44b37d9aaa90abfae", url = "https://github.com/telepresenceio/telepresence/releases/download/v2.27.3/telepresence-linux-amd64"}
"platforms.linux-x64-musl" = { checksum = "sha256:2d7f35e51db57f62b2ea41254f58181244b42650d2559ad44b37d9aaa90abfae", url = "https://github.com/telepresenceio/telepresence/releases/download/v2.27.3/telepresence-linux-amd64"}
"platforms.macos-arm64" = { checksum = "sha256:a239f8efbcd6407610317b5759c1d0abbd5d342144ee821fa10534490eb078a6", url = "https://github.com/telepresenceio/telepresence/releases/download/v2.27.3/telepresence-darwin-arm64"}
"platforms.macos-x64" = { checksum = "sha256:510a352bdbeeefcc755b6928cc31418f0d5978f3b0ab69d4fb410ea9e4d5ce6c", url = "https://github.com/telepresenceio/telepresence/releases/download/v2.27.3/telepresence-darwin-amd64"}
"platforms.windows-x64" = { checksum = "sha256:ba2a78ce2a6dae177d285a84ecb7620d393dc1e97fab734851b443bf86dcb144", url = "https://github.com/telepresenceio/telepresence/releases/download/v2.27.3/telepresence-windows-amd64.zip"}

[[tools.uv]]
version = "0.11.2"
backend = "aqua:astral-sh/uv"

[tools.uv."platforms.linux-arm64"]
checksum = "sha256:275d91dd1f1955136591e7ec5e1fa21e84d0d37ead7da7c35c3683df748d9855"
url = "https://github.com/astral-sh/uv/releases/download/0.11.2/uv-aarch64-unknown-linux-musl.tar.gz"

[tools.uv."platforms.linux-arm64-musl"]
checksum = "sha256:275d91dd1f1955136591e7ec5e1fa21e84d0d37ead7da7c35c3683df748d9855"
url = "https://github.com/astral-sh/uv/releases/download/0.11.2/uv-aarch64-unknown-linux-musl.tar.gz"

[tools.uv."platforms.linux-x64"]
checksum = "sha256:4700d9fc75734247587deb3e25dd2c6c24f4ac69e8fe91d6acad4a6013115c06"
url = "https://github.com/astral-sh/uv/releases/download/0.11.2/uv-x86_64-unknown-linux-musl.tar.gz"

[tools.uv."platforms.linux-x64-musl"]
checksum = "sha256:4700d9fc75734247587deb3e25dd2c6c24f4ac69e8fe91d6acad4a6013115c06"
url = "https://github.com/astral-sh/uv/releases/download/0.11.2/uv-x86_64-unknown-linux-musl.tar.gz"

[tools.uv."platforms.macos-arm64"]
checksum = "sha256:4beaa9550f93ef7f0fc02f7c28c9c48cd61fe30db00f5ac8947e0a425c3fb282"
url = "https://github.com/astral-sh/uv/releases/download/0.11.2/uv-aarch64-apple-darwin.tar.gz"

[tools.uv."platforms.macos-x64"]
checksum = "sha256:a9c3653245031304c50dd60ac0301bf6c112e12c38c32302a71d4fa6a63ba2cb"
url = "https://github.com/astral-sh/uv/releases/download/0.11.2/uv-x86_64-apple-darwin.tar.gz"

[tools.uv."platforms.windows-x64"]
checksum = "sha256:171b7ccda1bbd562da6babeffcf533a1c6cc7862cf998da826e1db534fc43e48"
url = "https://github.com/astral-sh/uv/releases/download/0.11.2/uv-x86_64-pc-windows-msvc.zip"

[[tools.yq]]
version = "4.52.5"
backend = "aqua:mikefarah/yq"
"platforms.linux-arm64" = { checksum = "sha256:90fa510c50ee8ca75544dbfffed10c88ed59b36834df35916520cddc623d9aaa", url = "https://github.com/mikefarah/yq/releases/download/v4.52.5/yq_linux_arm64"}
"platforms.linux-arm64-musl" = { checksum = "sha256:90fa510c50ee8ca75544dbfffed10c88ed59b36834df35916520cddc623d9aaa", url = "https://github.com/mikefarah/yq/releases/download/v4.52.5/yq_linux_arm64"}
"platforms.linux-x64" = { checksum = "sha256:75d893a0d5940d1019cb7cdc60001d9e876623852c31cfc6267047bc31149fa9", url = "https://github.com/mikefarah/yq/releases/download/v4.52.5/yq_linux_amd64"}
"platforms.linux-x64-musl" = { checksum = "sha256:75d893a0d5940d1019cb7cdc60001d9e876623852c31cfc6267047bc31149fa9", url = "https://github.com/mikefarah/yq/releases/download/v4.52.5/yq_linux_amd64"}
"platforms.macos-arm64" = { checksum = "sha256:45a12e64d4bd8a31c72ee1b889e81f1b1110e801baad3d6f030c111db0068de0", url = "https://github.com/mikefarah/yq/releases/download/v4.52.5/yq_darwin_arm64"}
"platforms.macos-x64" = { checksum = "sha256:6e399d1eb466860c3202d231727197fdce055888c5c7bec6964156983dd1559d", url = "https://github.com/mikefarah/yq/releases/download/v4.52.5/yq_darwin_amd64"}
"platforms.windows-x64" = { checksum = "sha256:47594981f3848a4b4447494adeca9555f908f7cf0a89c4da3fd0243a4631da1c", url = "https://github.com/mikefarah/yq/releases/download/v4.52.5/yq_windows_amd64.exe"}
