dependencies:
- name: postgres
  repository: oci://registry-1.docker.io/cloudpirates
  version: 0.18.2
- name: seaweedfs
  repository: https://seaweedfs.github.io/seaweedfs/helm
  version: 4.0.407
- name: redis
  repository: oci://registry-1.docker.io/cloudpirates
  version: 0.16.3
digest: sha256:a59043e6e55e6675dcfbbdb69948efb5719e3aa48ec9a42a1ccd696d24d790e9
generated: "2026-03-18T11:23:19.42253+01:00"
